
Microsoft Visual Studio Solution File, Format Version 12.00
# Visual Studio Version 16
VisualStudioVersion = 16.0.31313.79
MinimumVisualStudioVersion = 10.0.40219.1
Project("{8BC9CEB8-8B4A-11D0-8D11-00A0C91BC942}") = "3rd Digit displaying", "3rd Digit displaying.vcxproj", "{93084645-F4F3-4873-A34F-ED90D2FD2D40}"
EndProject
Global
	GlobalSection(SolutionConfigurationPlatforms) = preSolution
		Debug|x64 = Debug|x64
		Debug|x86 = Debug|x86
		Release|x64 = Release|x64
		Release|x86 = Release|x86
	EndGlobalSection
	GlobalSection(ProjectConfigurationPlatforms) = postSolution
		{93084645-F4F3-4873-A34F-ED90D2FD2D40}.Debug|x64.ActiveCfg = Debug|x64
		{93084645-F4F3-4873-A34F-ED90D2FD2D40}.Debug|x64.Build.0 = Debug|x64
		{93084645-F4F3-4873-A34F-ED90D2FD2D40}.Debug|x86.ActiveCfg = Debug|Win32
		{93084645-F4F3-4873-A34F-ED90D2FD2D40}.Debug|x86.Build.0 = Debug|Win32
		{93084645-F4F3-4873-A34F-ED90D2FD2D40}.Release|x64.ActiveCfg = Release|x64
		{93084645-F4F3-4873-A34F-ED90D2FD2D40}.Release|x64.Build.0 = Release|x64
		{93084645-F4F3-4873-A34F-ED90D2FD2D40}.Release|x86.ActiveCfg = Release|Win32
		{93084645-F4F3-4873-A34F-ED90D2FD2D40}.Release|x86.Build.0 = Release|Win32
	EndGlobalSection
	GlobalSection(SolutionProperties) = preSolution
		HideSolutionNode = FALSE
	EndGlobalSection
	GlobalSection(ExtensibilityGlobals) = postSolution
		SolutionGuid = {92B0A4EE-44DE-44EC-830E-E452288FEF72}
	EndGlobalSection
EndGlobal
